# THIS IS AN AUTOGENERATED FILE. DO NOT EDIT THIS FILE DIRECTLY.
# yarn lockfile v1


"blacklist@^1.1.2":
  "integrity" "sha512-DWdfwimA1WQxVC69Vs1Fy525NbYwisMSCdYQmW9zyzOByz9OB/tQwrKZ3T3pbTkuFjnkJFlJuyiDjPiXL5kzew=="
  "resolved" "https://registry.npmjs.org/blacklist/-/blacklist-1.1.4.tgz"
  "version" "1.1.4"

"js-tokens@^3.0.0 || ^4.0.0":
  "integrity" "sha512-RdJUflcE3cUzKiMqQgsCu06FPu9UdIJO0beYbPhHN4k6apgJtifcoCtT9bcxOpYBtpD2kCM6Sbzg4CausW/PKQ=="
  "resolved" "https://registry.npmjs.org/js-tokens/-/js-tokens-4.0.0.tgz"
  "version" "4.0.0"

"lightgallery@^2.5.0":
  "integrity" "sha512-pzg5gwflLGlKaK1VqDKpb7yqQ/WSV/TxFaHRR7ld7G5iOI9gkJZ2qKKo2lyqvTvu8yAqNYXoU0w9O/Dll6POkw=="
  "resolved" "https://registry.npmjs.org/lightgallery/-/lightgallery-2.5.0.tgz"
  "version" "2.5.0"

"lodash._basefor@^3.0.0":
  "integrity" "sha512-6bc3b8grkpMgDcVJv9JYZAk/mHgcqMljzm7OsbmcE2FGUMmmLQTPHlh/dFqR8LA0GQ7z4K67JSotVKu5058v1A=="
  "resolved" "https://registry.npmjs.org/lodash._basefor/-/lodash._basefor-3.0.3.tgz"
  "version" "3.0.3"

"lodash.isarguments@^3.0.0":
  "integrity" "sha512-chi4NHZlZqZD18a0imDHnZPrDeBbTtVN7GXMwuGdRH9qotxAjYs3aVLKc7zNOG9eddR5Ksd8rvFEBc9SsggPpg=="
  "resolved" "https://registry.npmjs.org/lodash.isarguments/-/lodash.isarguments-3.1.0.tgz"
  "version" "3.1.0"

"lodash.isarray@^3.0.0":
  "integrity" "sha512-JwObCrNJuT0Nnbuecmqr5DgtuBppuCvGD9lxjFpAzwnVtdGoDQ1zig+5W8k5/6Gcn0gZ3936HDAlGd28i7sOGQ=="
  "resolved" "https://registry.npmjs.org/lodash.isarray/-/lodash.isarray-3.0.4.tgz"
  "version" "3.0.4"

"lodash.isplainobject@^3.2.0":
  "integrity" "sha512-P4wZnho5curNqeEq/x292Pb57e1v+woR7DJ84DURelKB46lby8aDEGVobSaYtzHdQBWQrJSdxcCwjlGOvvdIyg=="
  "resolved" "https://registry.npmjs.org/lodash.isplainobject/-/lodash.isplainobject-3.2.0.tgz"
  "version" "3.2.0"
  dependencies:
    "lodash._basefor" "^3.0.0"
    "lodash.isarguments" "^3.0.0"
    "lodash.keysin" "^3.0.0"

"lodash.keysin@^3.0.0":
  "integrity" "sha512-YDB/5xkL3fBKFMDaC+cfGV00pbiJ6XoJIfRmBhv7aR6wWtbCW6IzkiWnTfkiHTF6ALD7ff83dAtB3OEaSoyQPg=="
  "resolved" "https://registry.npmjs.org/lodash.keysin/-/lodash.keysin-3.0.8.tgz"
  "version" "3.0.8"
  dependencies:
    "lodash.isarguments" "^3.0.0"
    "lodash.isarray" "^3.0.0"

"loose-envify@^1.1.0":
  "integrity" "sha512-lyuxPGr/Wfhrlem2CL/UcnUc1zcqKAImBDzukY7Y5F/yQiNdko6+fRLevlw1HgMySw7f611UIY408EtxRSoK3Q=="
  "resolved" "https://registry.npmjs.org/loose-envify/-/loose-envify-1.4.0.tgz"
  "version" "1.4.0"
  dependencies:
    "js-tokens" "^3.0.0 || ^4.0.0"

"mdb-ui-kit@^4.0.0":
  "integrity" "sha512-aJNTw1nitPhZyQ3gM+qdBiHbtfUFHQ2+1w4g2wZe6AdyAAp+771sKR7ETUK8h39VS9LiyZLR6GycT+IvT1M1fA=="
  "resolved" "https://registry.npmjs.org/mdb-ui-kit/-/mdb-ui-kit-4.0.0.tgz"
  "version" "4.0.0"

"performance-now@^0.2.0":
  "integrity" "sha512-YHk5ez1hmMR5LOkb9iJkLKqoBlL7WD5M8ljC75ZfzXriuBIVNuecaXuU7e+hOwyqf24Wxhh7Vxgt7Hnw9288Tg=="
  "resolved" "https://registry.npmjs.org/performance-now/-/performance-now-0.2.0.tgz"
  "version" "0.2.0"

"performance-now@^2.1.0":
  "integrity" "sha512-7EAHlyLHI56VEIdK57uwHdHKIaAGbnXPiw0yWbarQZOKaKpvUIgW0jWRVLiatnM+XXlSwsanIBH/hzGMJulMow=="
  "resolved" "https://registry.npmjs.org/performance-now/-/performance-now-2.1.0.tgz"
  "version" "2.1.0"

"raf@^3.1.0":
  "integrity" "sha512-Sq4CW4QhwOHE8ucn6J34MqtZCeWFP2aQSmrlroYgqAV1PjStIhJXxYuTgUIfkEk7zTLjmIjLmU5q+fbD1NnOJA=="
  "resolved" "https://registry.npmjs.org/raf/-/raf-3.4.1.tgz"
  "version" "3.4.1"
  dependencies:
    "performance-now" "^2.1.0"

"react-images@^0.6.7":
  "integrity" "sha512-O/n25SBS1sq6SyFwANArcU+dSSRUvVyetJI3j/XgDiPzmVG6tov6gn2v+FjmrvdQVdMxXuOasXNthtJB2SiR8g=="
  "resolved" "https://registry.npmjs.org/react-images/-/react-images-0.6.7.tgz"
  "version" "0.6.7"
  dependencies:
    "blacklist" "^1.1.2"
    "react-motion" "^0.2.7"

"react-motion@^0.2.7":
  "integrity" "sha512-py47qihK+EyBLyt5HJOWd8ODkWImcJDe3ZYP1HHgzTVaEY3BbdLReFq2uRW0roGOrhiyGZEUbZFcLkBjlorObg=="
  "resolved" "https://registry.npmjs.org/react-motion/-/react-motion-0.2.7.tgz"
  "version" "0.2.7"
  dependencies:
    "lodash.isplainobject" "^3.2.0"
    "performance-now" "^0.2.0"
    "raf" "^3.1.0"

"react@>=0.13.2 || ^0.14.0-beta1", "react@>=0.13.3 || ^0.14.0-beta3":
  "integrity" "sha512-/3IjMdb2L9QbBdWiW5e3P2/npwMBaU9mHCSCUzNln0ZCYbcfTsGbTJrU/kGemdH2IWmB2ioZ+zkxtmq6g09fGQ=="
  "resolved" "https://registry.npmjs.org/react/-/react-18.2.0.tgz"
  "version" "18.2.0"
  dependencies:
    "loose-envify" "^1.1.0"

"rellax@^1.12.1":
  "integrity" "sha512-XBIi0CDpW5FLTujYjYBn1CIbK2CJL6TsAg/w409KghP2LucjjzBjsujXDAjyBLWgsfupfUcL5WzdnIPcGfK7XA=="
  "resolved" "https://registry.npmjs.org/rellax/-/rellax-1.12.1.tgz"
  "version" "1.12.1"

"three@^0.144.0":
  "integrity" "sha512-R8AXPuqfjfRJKkYoTQcTK7A6i3AdO9++2n8ubya/GTU+fEHhYKu1ZooRSCPkx69jbnzT7dD/xEo6eROQTt2lJw=="
  "resolved" "https://registry.npmjs.org/three/-/three-0.144.0.tgz"
  "version" "0.144.0"
